
Microsoft Visual Studio Solution File, Format Version 12.00
# Visual Studio Version 16
VisualStudioVersion = 16.0.31105.61
MinimumVisualStudioVersion = 10.0.40219.1
Project("{8BC9CEB8-8B4A-11D0-8D11-00A0C91BC942}") = "ImageMerger", "ImageMerger\ImageMerger.vcxproj", "{28A33D47-928B-4CD4-9FBD-8082A02706EA}"
EndProject
Global
	GlobalSection(SolutionConfigurationPlatforms) = preSolution
		Debug|x64 = Debug|x64
		Release|x64 = Release|x64
	EndGlobalSection
	GlobalSection(ProjectConfigurationPlatforms) = postSolution
		{28A33D47-928B-4CD4-9FBD-8082A02706EA}.Debug|x64.ActiveCfg = Release|x64
		{28A33D47-928B-4CD4-9FBD-8082A02706EA}.Debug|x64.Build.0 = Release|x64
		{28A33D47-928B-4CD4-9FBD-8082A02706EA}.Release|x64.ActiveCfg = Release|x64
		{28A33D47-928B-4CD4-9FBD-8082A02706EA}.Release|x64.Build.0 = Release|x64
	EndGlobalSection
	GlobalSection(SolutionProperties) = preSolution
		HideSolutionNode = FALSE
	EndGlobalSection
	GlobalSection(ExtensibilityGlobals) = postSolution
		SolutionGuid = {B1FF4944-9207-4E36-9D56-2BBF76FBF67A}
	EndGlobalSection
EndGlobal
